{
  "name": "messager_client",
  "lockfileVersion": 3,
  "requires": true,
  "packages": {
    "": {
      "dependencies": {
        "@tauri-apps/api": "^2.0.3"
      }
    },
    "node_modules/@tauri-apps/api": {
      "version": "2.0.3",
      "resolved": "https://registry.npmjs.org/@tauri-apps/api/-/api-2.0.3.tgz",
      "integrity": "sha512-840qk6n8rbXBXMA5/aAgTYsg5JAubKO0nXw5wf7IzGnUuYKGbB4oFBIZtXOIWy+E0kNTDI3qhq5iqsoMJfwp8g==",
      "license": "Apache-2.0 OR MIT",
      "funding": {
        "type": "opencollective",
        "url": "https://opencollective.com/tauri"
      }
    }
  }
}
